
Microsoft Visual Studio Solution File, Format Version 12.00
# Visual Studio Version 16
VisualStudioVersion = 16.0.32002.261
MinimumVisualStudioVersion = 10.0.40219.1
Project("{FAE04EC0-301F-11D3-BF4B-00C04F79EFBC}") = "Gestão de Ocorrencias", "Gestão de Ocorrencias\Gestão de Ocorrencias.csproj", "{AAAB4390-A07E-4BDD-AC08-11D4C89E7E3F}"
EndProject
Global
	GlobalSection(SolutionConfigurationPlatforms) = preSolution
		Debug|Any CPU = Debug|Any CPU
		Release|Any CPU = Release|Any CPU
	EndGlobalSection
	GlobalSection(ProjectConfigurationPlatforms) = postSolution
		{AAAB4390-A07E-4BDD-AC08-11D4C89E7E3F}.Debug|Any CPU.ActiveCfg = Debug|Any CPU
		{AAAB4390-A07E-4BDD-AC08-11D4C89E7E3F}.Debug|Any CPU.Build.0 = Debug|Any CPU
		{AAAB4390-A07E-4BDD-AC08-11D4C89E7E3F}.Release|Any CPU.ActiveCfg = Release|Any CPU
		{AAAB4390-A07E-4BDD-AC08-11D4C89E7E3F}.Release|Any CPU.Build.0 = Release|Any CPU
	EndGlobalSection
	GlobalSection(SolutionProperties) = preSolution
		HideSolutionNode = FALSE
	EndGlobalSection
	GlobalSection(ExtensibilityGlobals) = postSolution
		SolutionGuid = {239106D9-0221-4A99-91F0-68CF92E40B3D}
	EndGlobalSection
EndGlobal
